// !$*UTF8*$!
{
	archiveVersion = 1;
	classes = {
	};
	objectVersion = 56;
	objects = {

/* Begin PBXBuildFile section */
		EE07447E2A153A5100232A7D /* WorkoutViewCell.swift in Sources */ = {isa = PBXBuildFile; fileRef = EE07447D2A153A5100232A7D /* WorkoutViewCell.swift */; };
		EE862CB92A1175E600BC43C3 /* UserModel.swift in Sources */ = {isa = PBXBuildFile; fileRef = EE862CB82A1175E600BC43C3 /* UserModel.swift */; };
		EE862CBB2A11772000BC43C3 /* WorkoutModel.swift in Sources */ = {isa = PBXBuildFile; fileRef = EE862CBA2A11772000BC43C3 /* WorkoutModel.swift */; };
		EE862CBD2A1177C300BC43C3 /* WorkoutDetailModel.swift in Sources */ = {isa = PBXBuildFile; fileRef = EE862CBC2A1177C300BC43C3 /* WorkoutDetailModel.swift */; };
		EE862CBF2A117B0100BC43C3 /* ScheduleModel.swift in Sources */ = {isa = PBXBuildFile; fileRef = EE862CBE2A117B0100BC43C3 /* ScheduleModel.swift */; };
		EE862CC12A117FD600BC43C3 /* ProgressModel.swift in Sources */ = {isa = PBXBuildFile; fileRef = EE862CC02A117FD600BC43C3 /* ProgressModel.swift */; };
		EEA81DD02A154D9F007C6F5B /* Kingfisher in Frameworks */ = {isa = PBXBuildFile; productRef = EEA81DCF2A154D9F007C6F5B /* Kingfisher */; };
		EEB46DED2A0FF4B200165FB9 /* FirebaseAnalytics in Frameworks */ = {isa = PBXBuildFile; productRef = EEB46DEC2A0FF4B200165FB9 /* FirebaseAnalytics */; };
		EEB46DEF2A0FF4B200165FB9 /* FirebaseAuth in Frameworks */ = {isa = PBXBuildFile; productRef = EEB46DEE2A0FF4B200165FB9 /* FirebaseAuth */; };
		EEB46DF12A0FF4B200165FB9 /* FirebaseDatabase in Frameworks */ = {isa = PBXBuildFile; productRef = EEB46DF02A0FF4B200165FB9 /* FirebaseDatabase */; };
		EEB46DF32A0FF4B200165FB9 /* FirebaseFirestore in Frameworks */ = {isa = PBXBuildFile; productRef = EEB46DF22A0FF4B200165FB9 /* FirebaseFirestore */; };
		EEB46DF52A0FF4B200165FB9 /* FirebaseStorage in Frameworks */ = {isa = PBXBuildFile; productRef = EEB46DF42A0FF4B200165FB9 /* FirebaseStorage */; };
		EEF6AC122A10F32D00DA9E86 /* GoogleService-Info.plist in Resources */ = {isa = PBXBuildFile; fileRef = EEF6AC112A10F32C00DA9E86 /* GoogleService-Info.plist */; };
		EEF6AC142A11223300DA9E86 /* LoginView.swift in Sources */ = {isa = PBXBuildFile; fileRef = EEF6AC132A11223300DA9E86 /* LoginView.swift */; };
		EEF6AC162A11224300DA9E86 /* RegisterView.swift in Sources */ = {isa = PBXBuildFile; fileRef = EEF6AC152A11224300DA9E86 /* RegisterView.swift */; };
		EEF6AC182A11226500DA9E86 /* HomeView.swift in Sources */ = {isa = PBXBuildFile; fileRef = EEF6AC172A11226500DA9E86 /* HomeView.swift */; };
		EEF6AC1A2A11227200DA9E86 /* DetailsView.swift in Sources */ = {isa = PBXBuildFile; fileRef = EEF6AC192A11227200DA9E86 /* DetailsView.swift */; };
		EEF6AC1C2A11228D00DA9E86 /* WorkoutDetailsView.swift in Sources */ = {isa = PBXBuildFile; fileRef = EEF6AC1B2A11228D00DA9E86 /* WorkoutDetailsView.swift */; };
		EEF6AC1E2A1122C700DA9E86 /* CustomSchedules.swift in Sources */ = {isa = PBXBuildFile; fileRef = EEF6AC1D2A1122C700DA9E86 /* CustomSchedules.swift */; };
		EEF6AC202A1122E700DA9E86 /* ProfileView.swift in Sources */ = {isa = PBXBuildFile; fileRef = EEF6AC1F2A1122E700DA9E86 /* ProfileView.swift */; };
		EEF6AC222A11236C00DA9E86 /* LoginViewController.swift in Sources */ = {isa = PBXBuildFile; fileRef = EEF6AC212A11236C00DA9E86 /* LoginViewController.swift */; };
		EEF6AC242A11237800DA9E86 /* RegisterViewController.swift in Sources */ = {isa = PBXBuildFile; fileRef = EEF6AC232A11237800DA9E86 /* RegisterViewController.swift */; };
		EEF6AC262A11239300DA9E86 /* DetailsViewController.swift in Sources */ = {isa = PBXBuildFile; fileRef = EEF6AC252A11239300DA9E86 /* DetailsViewController.swift */; };
		EEF6AC282A1123A200DA9E86 /* WorkoutDetailsViewController.swift in Sources */ = {isa = PBXBuildFile; fileRef = EEF6AC272A1123A200DA9E86 /* WorkoutDetailsViewController.swift */; };
		EEF6AC2A2A1123B500DA9E86 /* CustomScheduleViewController.swift in Sources */ = {isa = PBXBuildFile; fileRef = EEF6AC292A1123B500DA9E86 /* CustomScheduleViewController.swift */; };
		EEF6AC2C2A1123C600DA9E86 /* ProfileViewController.swift in Sources */ = {isa = PBXBuildFile; fileRef = EEF6AC2B2A1123C600DA9E86 /* ProfileViewController.swift */; };
		EEF6AC2F2A11243500DA9E86 /* TabBarViewController.swift in Sources */ = {isa = PBXBuildFile; fileRef = EEF6AC2E2A11243500DA9E86 /* TabBarViewController.swift */; };
		EEF6AC312A1124B000DA9E86 /* FirebaseDBHandler.swift in Sources */ = {isa = PBXBuildFile; fileRef = EEF6AC302A1124B000DA9E86 /* FirebaseDBHandler.swift */; };
		EEF6AC342A11250700DA9E86 /* AuthHandler.swift in Sources */ = {isa = PBXBuildFile; fileRef = EEF6AC332A11250700DA9E86 /* AuthHandler.swift */; };
		EEF6AC362A11270200DA9E86 /* ProgressViewController.swift in Sources */ = {isa = PBXBuildFile; fileRef = EEF6AC352A11270200DA9E86 /* ProgressViewController.swift */; };
		EEF6AC392A11271B00DA9E86 /* ProgressView.swift in Sources */ = {isa = PBXBuildFile; fileRef = EEF6AC382A11271B00DA9E86 /* ProgressView.swift */; };
		EEFB61422A0FDC9A00C42223 /* AppDelegate.swift in Sources */ = {isa = PBXBuildFile; fileRef = EEFB61412A0FDC9A00C42223 /* AppDelegate.swift */; };
		EEFB61442A0FDC9A00C42223 /* SceneDelegate.swift in Sources */ = {isa = PBXBuildFile; fileRef = EEFB61432A0FDC9A00C42223 /* SceneDelegate.swift */; };
		EEFB61462A0FDC9A00C42223 /* HomeViewController.swift in Sources */ = {isa = PBXBuildFile; fileRef = EEFB61452A0FDC9A00C42223 /* HomeViewController.swift */; };
		EEFB614B2A0FDC9C00C42223 /* Assets.xcassets in Resources */ = {isa = PBXBuildFile; fileRef = EEFB614A2A0FDC9C00C42223 /* Assets.xcassets */; };
		EEFB614E2A0FDC9C00C42223 /* LaunchScreen.storyboard in Resources */ = {isa = PBXBuildFile; fileRef = EEFB614C2A0FDC9C00C42223 /* LaunchScreen.storyboard */; };
		EEFB61592A0FDC9C00C42223 /* fitplanTests.swift in Sources */ = {isa = PBXBuildFile; fileRef = EEFB61582A0FDC9C00C42223 /* fitplanTests.swift */; };
		EEFB61632A0FDC9C00C42223 /* fitplanUITests.swift in Sources */ = {isa = PBXBuildFile; fileRef = EEFB61622A0FDC9C00C42223 /* fitplanUITests.swift */; };
		EEFB61652A0FDC9C00C42223 /* fitplanUITestsLaunchTests.swift in Sources */ = {isa = PBXBuildFile; fileRef = EEFB61642A0FDC9C00C42223 /* fitplanUITestsLaunchTests.swift */; };
/* End PBXBuildFile section */

/* Begin PBXContainerItemProxy section */
		EEFB61552A0FDC9C00C42223 /* PBXContainerItemProxy */ = {
			isa = PBXContainerItemProxy;
			containerPortal = EEFB61362A0FDC9A00C42223 /* Project object */;
			proxyType = 1;
			remoteGlobalIDString = EEFB613D2A0FDC9A00C42223;
			remoteInfo = fitplan;
		};
		EEFB615F2A0FDC9C00C42223 /* PBXContainerItemProxy */ = {
			isa = PBXContainerItemProxy;
			containerPortal = EEFB61362A0FDC9A00C42223 /* Project object */;
			proxyType = 1;
			remoteGlobalIDString = EEFB613D2A0FDC9A00C42223;
			remoteInfo = fitplan;
		};
/* End PBXContainerItemProxy section */

/* Begin PBXFileReference section */
		EE07447D2A153A5100232A7D /* WorkoutViewCell.swift */ = {isa = PBXFileReference; lastKnownFileType = sourcecode.swift; path = WorkoutViewCell.swift; sourceTree = "<group>"; };
		EE862CB82A1175E600BC43C3 /* UserModel.swift */ = {isa = PBXFileReference; lastKnownFileType = sourcecode.swift; path = UserModel.swift; sourceTree = "<group>"; };
		EE862CBA2A11772000BC43C3 /* WorkoutModel.swift */ = {isa = PBXFileReference; lastKnownFileType = sourcecode.swift; path = WorkoutModel.swift; sourceTree = "<group>"; };
		EE862CBC2A1177C300BC43C3 /* WorkoutDetailModel.swift */ = {isa = PBXFileReference; lastKnownFileType = sourcecode.swift; path = WorkoutDetailModel.swift; sourceTree = "<group>"; };
		EE862CBE2A117B0100BC43C3 /* ScheduleModel.swift */ = {isa = PBXFileReference; lastKnownFileType = sourcecode.swift; path = ScheduleModel.swift; sourceTree = "<group>"; };
		EE862CC02A117FD600BC43C3 /* ProgressModel.swift */ = {isa = PBXFileReference; lastKnownFileType = sourcecode.swift; path = ProgressModel.swift; sourceTree = "<group>"; };
		EEF6AC112A10F32C00DA9E86 /* GoogleService-Info.plist */ = {isa = PBXFileReference; fileEncoding = 4; lastKnownFileType = text.plist.xml; path = "GoogleService-Info.plist"; sourceTree = "<group>"; };
		EEF6AC132A11223300DA9E86 /* LoginView.swift */ = {isa = PBXFileReference; lastKnownFileType = sourcecode.swift; path = LoginView.swift; sourceTree = "<group>"; };
		EEF6AC152A11224300DA9E86 /* RegisterView.swift */ = {isa = PBXFileReference; lastKnownFileType = sourcecode.swift; path = RegisterView.swift; sourceTree = "<group>"; };
		EEF6AC172A11226500DA9E86 /* HomeView.swift */ = {isa = PBXFileReference; lastKnownFileType = sourcecode.swift; path = HomeView.swift; sourceTree = "<group>"; };
		EEF6AC192A11227200DA9E86 /* DetailsView.swift */ = {isa = PBXFileReference; lastKnownFileType = sourcecode.swift; path = DetailsView.swift; sourceTree = "<group>"; };
		EEF6AC1B2A11228D00DA9E86 /* WorkoutDetailsView.swift */ = {isa = PBXFileReference; lastKnownFileType = sourcecode.swift; path = WorkoutDetailsView.swift; sourceTree = "<group>"; };
		EEF6AC1D2A1122C700DA9E86 /* CustomSchedules.swift */ = {isa = PBXFileReference; lastKnownFileType = sourcecode.swift; path = CustomSchedules.swift; sourceTree = "<group>"; };
		EEF6AC1F2A1122E700DA9E86 /* ProfileView.swift */ = {isa = PBXFileReference; lastKnownFileType = sourcecode.swift; path = ProfileView.swift; sourceTree = "<group>"; };
		EEF6AC212A11236C00DA9E86 /* LoginViewController.swift */ = {isa = PBXFileReference; lastKnownFileType = sourcecode.swift; path = LoginViewController.swift; sourceTree = "<group>"; };
		EEF6AC232A11237800DA9E86 /* RegisterViewController.swift */ = {isa = PBXFileReference; lastKnownFileType = sourcecode.swift; path = RegisterViewController.swift; sourceTree = "<group>"; };
		EEF6AC252A11239300DA9E86 /* DetailsViewController.swift */ = {isa = PBXFileReference; lastKnownFileType = sourcecode.swift; path = DetailsViewController.swift; sourceTree = "<group>"; };
		EEF6AC272A1123A200DA9E86 /* WorkoutDetailsViewController.swift */ = {isa = PBXFileReference; lastKnownFileType = sourcecode.swift; path = WorkoutDetailsViewController.swift; sourceTree = "<group>"; };
		EEF6AC292A1123B500DA9E86 /* CustomScheduleViewController.swift */ = {isa = PBXFileReference; lastKnownFileType = sourcecode.swift; path = CustomScheduleViewController.swift; sourceTree = "<group>"; };
		EEF6AC2B2A1123C600DA9E86 /* ProfileViewController.swift */ = {isa = PBXFileReference; lastKnownFileType = sourcecode.swift; path = ProfileViewController.swift; sourceTree = "<group>"; };
		EEF6AC2E2A11243500DA9E86 /* TabBarViewController.swift */ = {isa = PBXFileReference; lastKnownFileType = sourcecode.swift; path = TabBarViewController.swift; sourceTree = "<group>"; };
		EEF6AC302A1124B000DA9E86 /* FirebaseDBHandler.swift */ = {isa = PBXFileReference; lastKnownFileType = sourcecode.swift; path = FirebaseDBHandler.swift; sourceTree = "<group>"; };
		EEF6AC332A11250700DA9E86 /* AuthHandler.swift */ = {isa = PBXFileReference; lastKnownFileType = sourcecode.swift; path = AuthHandler.swift; sourceTree = "<group>"; };
		EEF6AC352A11270200DA9E86 /* ProgressViewController.swift */ = {isa = PBXFileReference; lastKnownFileType = sourcecode.swift; path = ProgressViewController.swift; sourceTree = "<group>"; };
		EEF6AC382A11271B00DA9E86 /* ProgressView.swift */ = {isa = PBXFileReference; lastKnownFileType = sourcecode.swift; path = ProgressView.swift; sourceTree = "<group>"; };
		EEFB613E2A0FDC9A00C42223 /* fitplan.app */ = {isa = PBXFileReference; explicitFileType = wrapper.application; includeInIndex = 0; path = fitplan.app; sourceTree = BUILT_PRODUCTS_DIR; };
		EEFB61412A0FDC9A00C42223 /* AppDelegate.swift */ = {isa = PBXFileReference; lastKnownFileType = sourcecode.swift; path = AppDelegate.swift; sourceTree = "<group>"; };
		EEFB61432A0FDC9A00C42223 /* SceneDelegate.swift */ = {isa = PBXFileReference; lastKnownFileType = sourcecode.swift; path = SceneDelegate.swift; sourceTree = "<group>"; };
		EEFB61452A0FDC9A00C42223 /* HomeViewController.swift */ = {isa = PBXFileReference; lastKnownFileType = sourcecode.swift; path = HomeViewController.swift; sourceTree = "<group>"; };
		EEFB614A2A0FDC9C00C42223 /* Assets.xcassets */ = {isa = PBXFileReference; lastKnownFileType = folder.assetcatalog; path = Assets.xcassets; sourceTree = "<group>"; };
		EEFB614D2A0FDC9C00C42223 /* Base */ = {isa = PBXFileReference; lastKnownFileType = file.storyboard; name = Base; path = Base.lproj/LaunchScreen.storyboard; sourceTree = "<group>"; };
		EEFB614F2A0FDC9C00C42223 /* Info.plist */ = {isa = PBXFileReference; lastKnownFileType = text.plist.xml; path = Info.plist; sourceTree = "<group>"; };
		EEFB61542A0FDC9C00C42223 /* fitplanTests.xctest */ = {isa = PBXFileReference; explicitFileType = wrapper.cfbundle; includeInIndex = 0; path = fitplanTests.xctest; sourceTree = BUILT_PRODUCTS_DIR; };
		EEFB61582A0FDC9C00C42223 /* fitplanTests.swift */ = {isa = PBXFileReference; lastKnownFileType = sourcecode.swift; path = fitplanTests.swift; sourceTree = "<group>"; };
		EEFB615E2A0FDC9C00C42223 /* fitplanUITests.xctest */ = {isa = PBXFileReference; explicitFileType = wrapper.cfbundle; includeInIndex = 0; path = fitplanUITests.xctest; sourceTree = BUILT_PRODUCTS_DIR; };
		EEFB61622A0FDC9C00C42223 /* fitplanUITests.swift */ = {isa = PBXFileReference; lastKnownFileType = sourcecode.swift; path = fitplanUITests.swift; sourceTree = "<group>"; };
		EEFB61642A0FDC9C00C42223 /* fitplanUITestsLaunchTests.swift */ = {isa = PBXFileReference; lastKnownFileType = sourcecode.swift; path = fitplanUITestsLaunchTests.swift; sourceTree = "<group>"; };
/* End PBXFileReference section */

/* Begin PBXFrameworksBuildPhase section */
		EEFB613B2A0FDC9A00C42223 /* Frameworks */ = {
			isa = PBXFrameworksBuildPhase;
			buildActionMask = 2147483647;
			files = (
				EEA81DD02A154D9F007C6F5B /* Kingfisher in Frameworks */,
				EEB46DF12A0FF4B200165FB9 /* FirebaseDatabase in Frameworks */,
				EEB46DF32A0FF4B200165FB9 /* FirebaseFirestore in Frameworks */,
				EEB46DED2A0FF4B200165FB9 /* FirebaseAnalytics in Frameworks */,
				EEB46DF52A0FF4B200165FB9 /* FirebaseStorage in Frameworks */,
				EEB46DEF2A0FF4B200165FB9 /* FirebaseAuth in Frameworks */,
			);
			runOnlyForDeploymentPostprocessing = 0;
		};
		EEFB61512A0FDC9C00C42223 /* Frameworks */ = {
			isa = PBXFrameworksBuildPhase;
			buildActionMask = 2147483647;
			files = (
			);
			runOnlyForDeploymentPostprocessing = 0;
		};
		EEFB615B2A0FDC9C00C42223 /* Frameworks */ = {
			isa = PBXFrameworksBuildPhase;
			buildActionMask = 2147483647;
			files = (
			);
			runOnlyForDeploymentPostprocessing = 0;
		};
/* End PBXFrameworksBuildPhase section */

/* Begin PBXGroup section */
		EEB46E022A103A8C00165FB9 /* Views */ = {
			isa = PBXGroup;
			children = (
				EEFB614C2A0FDC9C00C42223 /* LaunchScreen.storyboard */,
				EEF6AC132A11223300DA9E86 /* LoginView.swift */,
				EEF6AC152A11224300DA9E86 /* RegisterView.swift */,
				EEF6AC172A11226500DA9E86 /* HomeView.swift */,
				EEF6AC192A11227200DA9E86 /* DetailsView.swift */,
				EEF6AC1B2A11228D00DA9E86 /* WorkoutDetailsView.swift */,
				EEF6AC1D2A1122C700DA9E86 /* CustomSchedules.swift */,
				EEF6AC1F2A1122E700DA9E86 /* ProfileView.swift */,
				EEF6AC382A11271B00DA9E86 /* ProgressView.swift */,
				EE07447D2A153A5100232A7D /* WorkoutViewCell.swift */,
			);
			path = Views;
			sourceTree = "<group>";
		};
		EEB46E032A103A9600165FB9 /* Models */ = {
			isa = PBXGroup;
			children = (
				EE862CB82A1175E600BC43C3 /* UserModel.swift */,
				EE862CBA2A11772000BC43C3 /* WorkoutModel.swift */,
				EE862CBC2A1177C300BC43C3 /* WorkoutDetailModel.swift */,
				EE862CBE2A117B0100BC43C3 /* ScheduleModel.swift */,
				EE862CC02A117FD600BC43C3 /* ProgressModel.swift */,
			);
			path = Models;
			sourceTree = "<group>";
		};
		EEB46E042A103A9F00165FB9 /* ViewControllers */ = {
			isa = PBXGroup;
			children = (
				EEFB61452A0FDC9A00C42223 /* HomeViewController.swift */,
				EEF6AC212A11236C00DA9E86 /* LoginViewController.swift */,
				EEF6AC232A11237800DA9E86 /* RegisterViewController.swift */,
				EEF6AC252A11239300DA9E86 /* DetailsViewController.swift */,
				EEF6AC272A1123A200DA9E86 /* WorkoutDetailsViewController.swift */,
				EEF6AC292A1123B500DA9E86 /* CustomScheduleViewController.swift */,
				EEF6AC2B2A1123C600DA9E86 /* ProfileViewController.swift */,
				EEF6AC2E2A11243500DA9E86 /* TabBarViewController.swift */,
				EEF6AC352A11270200DA9E86 /* ProgressViewController.swift */,
			);
			path = ViewControllers;
			sourceTree = "<group>";
		};
		EEF6AC322A1124ED00DA9E86 /* Handlers */ = {
			isa = PBXGroup;
			children = (
				EEF6AC332A11250700DA9E86 /* AuthHandler.swift */,
				EEF6AC302A1124B000DA9E86 /* FirebaseDBHandler.swift */,
			);
			path = Handlers;
			sourceTree = "<group>";
		};
		EEFB61352A0FDC9A00C42223 = {
			isa = PBXGroup;
			children = (
				EEFB61402A0FDC9A00C42223 /* fitplan */,
				EEFB61572A0FDC9C00C42223 /* fitplanTests */,
				EEFB61612A0FDC9C00C42223 /* fitplanUITests */,
				EEFB613F2A0FDC9A00C42223 /* Products */,
			);
			sourceTree = "<group>";
		};
		EEFB613F2A0FDC9A00C42223 /* Products */ = {
			isa = PBXGroup;
			children = (
				EEFB613E2A0FDC9A00C42223 /* fitplan.app */,
				EEFB61542A0FDC9C00C42223 /* fitplanTests.xctest */,
				EEFB615E2A0FDC9C00C42223 /* fitplanUITests.xctest */,
			);
			name = Products;
			sourceTree = "<group>";
		};
		EEFB61402A0FDC9A00C42223 /* fitplan */ = {
			isa = PBXGroup;
			children = (
				EEF6AC322A1124ED00DA9E86 /* Handlers */,
				EEF6AC112A10F32C00DA9E86 /* GoogleService-Info.plist */,
				EEB46E042A103A9F00165FB9 /* ViewControllers */,
				EEB46E032A103A9600165FB9 /* Models */,
				EEB46E022A103A8C00165FB9 /* Views */,
				EEFB61412A0FDC9A00C42223 /* AppDelegate.swift */,
				EEFB61432A0FDC9A00C42223 /* SceneDelegate.swift */,
				EEFB614A2A0FDC9C00C42223 /* Assets.xcassets */,
				EEFB614F2A0FDC9C00C42223 /* Info.plist */,
			);
			path = fitplan;
			sourceTree = "<group>";
		};
		EEFB61572A0FDC9C00C42223 /* fitplanTests */ = {
			isa = PBXGroup;
			children = (
				EEFB61582A0FDC9C00C42223 /* fitplanTests.swift */,
			);
			path = fitplanTests;
			sourceTree = "<group>";
		};
		EEFB61612A0FDC9C00C42223 /* fitplanUITests */ = {
			isa = PBXGroup;
			children = (
				EEFB61622A0FDC9C00C42223 /* fitplanUITests.swift */,
				EEFB61642A0FDC9C00C42223 /* fitplanUITestsLaunchTests.swift */,
			);
			path = fitplanUITests;
			sourceTree = "<group>";
		};
/* End PBXGroup section */

/* Begin PBXNativeTarget section */
		EEFB613D2A0FDC9A00C42223 /* fitplan */ = {
			isa = PBXNativeTarget;
			buildConfigurationList = EEFB61682A0FDC9C00C42223 /* Build configuration list for PBXNativeTarget "fitplan" */;
			buildPhases = (
				EEFB613A2A0FDC9A00C42223 /* Sources */,
				EEFB613B2A0FDC9A00C42223 /* Frameworks */,
				EEFB613C2A0FDC9A00C42223 /* Resources */,
			);
			buildRules = (
			);
			dependencies = (
			);
			name = fitplan;
			packageProductDependencies = (
				EEB46DEC2A0FF4B200165FB9 /* FirebaseAnalytics */,
				EEB46DEE2A0FF4B200165FB9 /* FirebaseAuth */,
				EEB46DF02A0FF4B200165FB9 /* FirebaseDatabase */,
				EEB46DF22A0FF4B200165FB9 /* FirebaseFirestore */,
				EEB46DF42A0FF4B200165FB9 /* FirebaseStorage */,
				EEA81DCF2A154D9F007C6F5B /* Kingfisher */,
			);
			productName = fitplan;
			productReference = EEFB613E2A0FDC9A00C42223 /* fitplan.app */;
			productType = "com.apple.product-type.application";
		};
		EEFB61532A0FDC9C00C42223 /* fitplanTests */ = {
			isa = PBXNativeTarget;
			buildConfigurationList = EEFB616B2A0FDC9C00C42223 /* Build configuration list for PBXNativeTarget "fitplanTests" */;
			buildPhases = (
				EEFB61502A0FDC9C00C42223 /* Sources */,
				EEFB61512A0FDC9C00C42223 /* Frameworks */,
				EEFB61522A0FDC9C00C42223 /* Resources */,
			);
			buildRules = (
			);
			dependencies = (
				EEFB61562A0FDC9C00C42223 /* PBXTargetDependency */,
			);
			name = fitplanTests;
			productName = fitplanTests;
			productReference = EEFB61542A0FDC9C00C42223 /* fitplanTests.xctest */;
			productType = "com.apple.product-type.bundle.unit-test";
		};
		EEFB615D2A0FDC9C00C42223 /* fitplanUITests */ = {
			isa = PBXNativeTarget;
			buildConfigurationList = EEFB616E2A0FDC9C00C42223 /* Build configuration list for PBXNativeTarget "fitplanUITests" */;
			buildPhases = (
				EEFB615A2A0FDC9C00C42223 /* Sources */,
				EEFB615B2A0FDC9C00C42223 /* Frameworks */,
				EEFB615C2A0FDC9C00C42223 /* Resources */,
			);
			buildRules = (
			);
			dependencies = (
				EEFB61602A0FDC9C00C42223 /* PBXTargetDependency */,
			);
			name = fitplanUITests;
			productName = fitplanUITests;
			productReference = EEFB615E2A0FDC9C00C42223 /* fitplanUITests.xctest */;
			productType = "com.apple.product-type.bundle.ui-testing";
		};
/* End PBXNativeTarget section */

/* Begin PBXProject section */
		EEFB61362A0FDC9A00C42223 /* Project object */ = {
			isa = PBXProject;
			attributes = {
				BuildIndependentTargetsInParallel = 1;
				LastSwiftUpdateCheck = 1420;
				LastUpgradeCheck = 1420;
				TargetAttributes = {
					EEFB613D2A0FDC9A00C42223 = {
						CreatedOnToolsVersion = 14.2;
					};
					EEFB61532A0FDC9C00C42223 = {
						CreatedOnToolsVersion = 14.2;
						TestTargetID = EEFB613D2A0FDC9A00C42223;
					};
					EEFB615D2A0FDC9C00C42223 = {
						CreatedOnToolsVersion = 14.2;
						TestTargetID = EEFB613D2A0FDC9A00C42223;
					};
				};
			};
			buildConfigurationList = EEFB61392A0FDC9A00C42223 /* Build configuration list for PBXProject "fitplan" */;
			compatibilityVersion = "Xcode 14.0";
			developmentRegion = en;
			hasScannedForEncodings = 0;
			knownRegions = (
				en,
				Base,
			);
			mainGroup = EEFB61352A0FDC9A00C42223;
			packageReferences = (
				EEB46DEB2A0FF4B200165FB9 /* XCRemoteSwiftPackageReference "firebase-ios-sdk" */,
				EEA81DCE2A154D9F007C6F5B /* XCRemoteSwiftPackageReference "Kingfisher" */,
			);
			productRefGroup = EEFB613F2A0FDC9A00C42223 /* Products */;
			projectDirPath = "";
			projectRoot = "";
			targets = (
				EEFB613D2A0FDC9A00C42223 /* fitplan */,
				EEFB61532A0FDC9C00C42223 /* fitplanTests */,
				EEFB615D2A0FDC9C00C42223 /* fitplanUITests */,
			);
		};
/* End PBXProject section */

/* Begin PBXResourcesBuildPhase section */
		EEFB613C2A0FDC9A00C42223 /* Resources */ = {
			isa = PBXResourcesBuildPhase;
			buildActionMask = 2147483647;
			files = (
				EEFB614E2A0FDC9C00C42223 /* LaunchScreen.storyboard in Resources */,
				EEFB614B2A0FDC9C00C42223 /* Assets.xcassets in Resources */,
				EEF6AC122A10F32D00DA9E86 /* GoogleService-Info.plist in Resources */,
			);
			runOnlyForDeploymentPostprocessing = 0;
		};
		EEFB61522A0FDC9C00C42223 /* Resources */ = {
			isa = PBXResourcesBuildPhase;
			buildActionMask = 2147483647;
			files = (
			);
			runOnlyForDeploymentPostprocessing = 0;
		};
		EEFB615C2A0FDC9C00C42223 /* Resources */ = {
			isa = PBXResourcesBuildPhase;
			buildActionMask = 2147483647;
			files = (
			);
			runOnlyForDeploymentPostprocessing = 0;
		};
/* End PBXResourcesBuildPhase section */

/* Begin PBXSourcesBuildPhase section */
		EEFB613A2A0FDC9A00C42223 /* Sources */ = {
			isa = PBXSourcesBuildPhase;
			buildActionMask = 2147483647;
			files = (
				EE862CC12A117FD600BC43C3 /* ProgressModel.swift in Sources */,
				EEF6AC1E2A1122C700DA9E86 /* CustomSchedules.swift in Sources */,
				EEF6AC1C2A11228D00DA9E86 /* WorkoutDetailsView.swift in Sources */,
				EEF6AC202A1122E700DA9E86 /* ProfileView.swift in Sources */,
				EEF6AC242A11237800DA9E86 /* RegisterViewController.swift in Sources */,
				EEF6AC282A1123A200DA9E86 /* WorkoutDetailsViewController.swift in Sources */,
				EEF6AC342A11250700DA9E86 /* AuthHandler.swift in Sources */,
				EEFB61462A0FDC9A00C42223 /* HomeViewController.swift in Sources */,
				EEF6AC2C2A1123C600DA9E86 /* ProfileViewController.swift in Sources */,
				EEF6AC2A2A1123B500DA9E86 /* CustomScheduleViewController.swift in Sources */,
				EE862CBB2A11772000BC43C3 /* WorkoutModel.swift in Sources */,
				EEF6AC1A2A11227200DA9E86 /* DetailsView.swift in Sources */,
				EE862CB92A1175E600BC43C3 /* UserModel.swift in Sources */,
				EEF6AC2F2A11243500DA9E86 /* TabBarViewController.swift in Sources */,
				EEF6AC392A11271B00DA9E86 /* ProgressView.swift in Sources */,
				EEF6AC362A11270200DA9E86 /* ProgressViewController.swift in Sources */,
				EEF6AC162A11224300DA9E86 /* RegisterView.swift in Sources */,
				EEFB61422A0FDC9A00C42223 /* AppDelegate.swift in Sources */,
				EE862CBF2A117B0100BC43C3 /* ScheduleModel.swift in Sources */,
				EE07447E2A153A5100232A7D /* WorkoutViewCell.swift in Sources */,
				EEF6AC182A11226500DA9E86 /* HomeView.swift in Sources */,
				EE862CBD2A1177C300BC43C3 /* WorkoutDetailModel.swift in Sources */,
				EEF6AC142A11223300DA9E86 /* LoginView.swift in Sources */,
				EEFB61442A0FDC9A00C42223 /* SceneDelegate.swift in Sources */,
				EEF6AC262A11239300DA9E86 /* DetailsViewController.swift in Sources */,
				EEF6AC222A11236C00DA9E86 /* LoginViewController.swift in Sources */,
				EEF6AC312A1124B000DA9E86 /* FirebaseDBHandler.swift in Sources */,
			);
			runOnlyForDeploymentPostprocessing = 0;
		};
		EEFB61502A0FDC9C00C42223 /* Sources */ = {
			isa = PBXSourcesBuildPhase;
			buildActionMask = 2147483647;
			files = (
				EEFB61592A0FDC9C00C42223 /* fitplanTests.swift in Sources */,
			);
			runOnlyForDeploymentPostprocessing = 0;
		};
		EEFB615A2A0FDC9C00C42223 /* Sources */ = {
			isa = PBXSourcesBuildPhase;
			buildActionMask = 2147483647;
			files = (
				EEFB61632A0FDC9C00C42223 /* fitplanUITests.swift in Sources */,
				EEFB61652A0FDC9C00C42223 /* fitplanUITestsLaunchTests.swift in Sources */,
			);
			runOnlyForDeploymentPostprocessing = 0;
		};
/* End PBXSourcesBuildPhase section */

/* Begin PBXTargetDependency section */
		EEFB61562A0FDC9C00C42223 /* PBXTargetDependency */ = {
			isa = PBXTargetDependency;
			target = EEFB613D2A0FDC9A00C42223 /* fitplan */;
			targetProxy = EEFB61552A0FDC9C00C42223 /* PBXContainerItemProxy */;
		};
		EEFB61602A0FDC9C00C42223 /* PBXTargetDependency */ = {
			isa = PBXTargetDependency;
			target = EEFB613D2A0FDC9A00C42223 /* fitplan */;
			targetProxy = EEFB615F2A0FDC9C00C42223 /* PBXContainerItemProxy */;
		};
/* End PBXTargetDependency section */

/* Begin PBXVariantGroup section */
		EEFB614C2A0FDC9C00C42223 /* LaunchScreen.storyboard */ = {
			isa = PBXVariantGroup;
			children = (
				EEFB614D2A0FDC9C00C42223 /* Base */,
			);
			name = LaunchScreen.storyboard;
			sourceTree = "<group>";
		};
/* End PBXVariantGroup section */

/* Begin XCBuildConfiguration section */
		EEFB61662A0FDC9C00C42223 /* Debug */ = {
			isa = XCBuildConfiguration;
			buildSettings = {
				ALWAYS_SEARCH_USER_PATHS = NO;
				CLANG_ANALYZER_NONNULL = YES;
				CLANG_ANALYZER_NUMBER_OBJECT_CONVERSION = YES_AGGRESSIVE;
				CLANG_CXX_LANGUAGE_STANDARD = "gnu++20";
				CLANG_ENABLE_MODULES = YES;
				CLANG_ENABLE_OBJC_ARC = YES;
				CLANG_ENABLE_OBJC_WEAK = YES;
				CLANG_WARN_BLOCK_CAPTURE_AUTORELEASING = YES;
				CLANG_WARN_BOOL_CONVERSION = YES;
				CLANG_WARN_COMMA = YES;
				CLANG_WARN_CONSTANT_CONVERSION = YES;
				CLANG_WARN_DEPRECATED_OBJC_IMPLEMENTATIONS = YES;
				CLANG_WARN_DIRECT_OBJC_ISA_USAGE = YES_ERROR;
				CLANG_WARN_DOCUMENTATION_COMMENTS = YES;
				CLANG_WARN_EMPTY_BODY = YES;
				CLANG_WARN_ENUM_CONVERSION = YES;
				CLANG_WARN_INFINITE_RECURSION = YES;
				CLANG_WARN_INT_CONVERSION = YES;
				CLANG_WARN_NON_LITERAL_NULL_CONVERSION = YES;
				CLANG_WARN_OBJC_IMPLICIT_RETAIN_SELF = YES;
				CLANG_WARN_OBJC_LITERAL_CONVERSION = YES;
				CLANG_WARN_OBJC_ROOT_CLASS = YES_ERROR;
				CLANG_WARN_QUOTED_INCLUDE_IN_FRAMEWORK_HEADER = YES;
				CLANG_WARN_RANGE_LOOP_ANALYSIS = YES;
				CLANG_WARN_STRICT_PROTOTYPES = YES;
				CLANG_WARN_SUSPICIOUS_MOVE = YES;
				CLANG_WARN_UNGUARDED_AVAILABILITY = YES_AGGRESSIVE;
				CLANG_WARN_UNREACHABLE_CODE = YES;
				CLANG_WARN__DUPLICATE_METHOD_MATCH = YES;
				COPY_PHASE_STRIP = NO;
				DEBUG_INFORMATION_FORMAT = dwarf;
				ENABLE_STRICT_OBJC_MSGSEND = YES;
				ENABLE_TESTABILITY = YES;
				GCC_C_LANGUAGE_STANDARD = gnu11;
				GCC_DYNAMIC_NO_PIC = NO;
				GCC_NO_COMMON_BLOCKS = YES;
				GCC_OPTIMIZATION_LEVEL = 0;
				GCC_PREPROCESSOR_DEFINITIONS = (
					"DEBUG=1",
					"$(inherited)",
				);
				GCC_WARN_64_TO_32_BIT_CONVERSION = YES;
				GCC_WARN_ABOUT_RETURN_TYPE = YES_ERROR;
				GCC_WARN_UNDECLARED_SELECTOR = YES;
				GCC_WARN_UNINITIALIZED_AUTOS = YES_AGGRESSIVE;
				GCC_WARN_UNUSED_FUNCTION = YES;
				GCC_WARN_UNUSED_VARIABLE = YES;
				IPHONEOS_DEPLOYMENT_TARGET = 14.5;
				MTL_ENABLE_DEBUG_INFO = INCLUDE_SOURCE;
				MTL_FAST_MATH = YES;
				ONLY_ACTIVE_ARCH = YES;
				SDKROOT = iphoneos;
				SWIFT_ACTIVE_COMPILATION_CONDITIONS = DEBUG;
				SWIFT_OPTIMIZATION_LEVEL = "-Onone";
			};
			name = Debug;
		};
		EEFB61672A0FDC9C00C42223 /* Release */ = {
			isa = XCBuildConfiguration;
			buildSettings = {
				ALWAYS_SEARCH_USER_PATHS = NO;
				CLANG_ANALYZER_NONNULL = YES;
				CLANG_ANALYZER_NUMBER_OBJECT_CONVERSION = YES_AGGRESSIVE;
				CLANG_CXX_LANGUAGE_STANDARD = "gnu++20";
				CLANG_ENABLE_MODULES = YES;
				CLANG_ENABLE_OBJC_ARC = YES;
				CLANG_ENABLE_OBJC_WEAK = YES;
				CLANG_WARN_BLOCK_CAPTURE_AUTORELEASING = YES;
				CLANG_WARN_BOOL_CONVERSION = YES;
				CLANG_WARN_COMMA = YES;
				CLANG_WARN_CONSTANT_CONVERSION = YES;
				CLANG_WARN_DEPRECATED_OBJC_IMPLEMENTATIONS = YES;
				CLANG_WARN_DIRECT_OBJC_ISA_USAGE = YES_ERROR;
				CLANG_WARN_DOCUMENTATION_COMMENTS = YES;
				CLANG_WARN_EMPTY_BODY = YES;
				CLANG_WARN_ENUM_CONVERSION = YES;
				CLANG_WARN_INFINITE_RECURSION = YES;
				CLANG_WARN_INT_CONVERSION = YES;
				CLANG_WARN_NON_LITERAL_NULL_CONVERSION = YES;
				CLANG_WARN_OBJC_IMPLICIT_RETAIN_SELF = YES;
				CLANG_WARN_OBJC_LITERAL_CONVERSION = YES;
				CLANG_WARN_OBJC_ROOT_CLASS = YES_ERROR;
				CLANG_WARN_QUOTED_INCLUDE_IN_FRAMEWORK_HEADER = YES;
				CLANG_WARN_RANGE_LOOP_ANALYSIS = YES;
				CLANG_WARN_STRICT_PROTOTYPES = YES;
				CLANG_WARN_SUSPICIOUS_MOVE = YES;
				CLANG_WARN_UNGUARDED_AVAILABILITY = YES_AGGRESSIVE;
				CLANG_WARN_UNREACHABLE_CODE = YES;
				CLANG_WARN__DUPLICATE_METHOD_MATCH = YES;
				COPY_PHASE_STRIP = NO;
				DEBUG_INFORMATION_FORMAT = "dwarf-with-dsym";
				ENABLE_NS_ASSERTIONS = NO;
				ENABLE_STRICT_OBJC_MSGSEND = YES;
				GCC_C_LANGUAGE_STANDARD = gnu11;
				GCC_NO_COMMON_BLOCKS = YES;
				GCC_WARN_64_TO_32_BIT_CONVERSION = YES;
				GCC_WARN_ABOUT_RETURN_TYPE = YES_ERROR;
				GCC_WARN_UNDECLARED_SELECTOR = YES;
				GCC_WARN_UNINITIALIZED_AUTOS = YES_AGGRESSIVE;
				GCC_WARN_UNUSED_FUNCTION = YES;
				GCC_WARN_UNUSED_VARIABLE = YES;
				IPHONEOS_DEPLOYMENT_TARGET = 14.5;
				MTL_ENABLE_DEBUG_INFO = NO;
				MTL_FAST_MATH = YES;
				SDKROOT = iphoneos;
				SWIFT_COMPILATION_MODE = wholemodule;
				SWIFT_OPTIMIZATION_LEVEL = "-O";
				VALIDATE_PRODUCT = YES;
			};
			name = Release;
		};
		EEFB61692A0FDC9C00C42223 /* Debug */ = {
			isa = XCBuildConfiguration;
			buildSettings = {
				ASSETCATALOG_COMPILER_APPICON_NAME = AppIcon;
				ASSETCATALOG_COMPILER_GLOBAL_ACCENT_COLOR_NAME = AccentColor;
				ASSETCATALOG_COMPILER_INCLUDE_ALL_APPICON_ASSETS = YES;
				CODE_SIGN_STYLE = Automatic;
				CURRENT_PROJECT_VERSION = 1;
				GENERATE_INFOPLIST_FILE = YES;
				INFOPLIST_FILE = fitplan/Info.plist;
				INFOPLIST_KEY_CFBundleDisplayName = FitPlan;
				INFOPLIST_KEY_UIApplicationSupportsIndirectInputEvents = YES;
				INFOPLIST_KEY_UILaunchStoryboardName = LaunchScreen.storyboard;
				INFOPLIST_KEY_UISupportedInterfaceOrientations = UIInterfaceOrientationPortrait;
				INFOPLIST_KEY_UISupportedInterfaceOrientations_iPad = "UIInterfaceOrientationLandscapeLeft UIInterfaceOrientationLandscapeRight UIInterfaceOrientationPortrait UIInterfaceOrientationPortraitUpsideDown";
				IPHONEOS_DEPLOYMENT_TARGET = 14.5;
				LD_RUNPATH_SEARCH_PATHS = (
					"$(inherited)",
					"@executable_path/Frameworks",
				);
				MARKETING_VERSION = 1.0;
				PRODUCT_BUNDLE_IDENTIFIER = com.nibm.fitplan;
				PRODUCT_NAME = "$(TARGET_NAME)";
				SUPPORTED_PLATFORMS = "iphoneos iphonesimulator";
				SUPPORTS_MACCATALYST = NO;
				SUPPORTS_MAC_DESIGNED_FOR_IPHONE_IPAD = NO;
				SWIFT_EMIT_LOC_STRINGS = YES;
				SWIFT_VERSION = 5.0;
				TARGETED_DEVICE_FAMILY = 1;
			};
			name = Debug;
		};
		EEFB616A2A0FDC9C00C42223 /* Release */ = {
			isa = XCBuildConfiguration;
			buildSettings = {
				ASSETCATALOG_COMPILER_APPICON_NAME = AppIcon;
				ASSETCATALOG_COMPILER_GLOBAL_ACCENT_COLOR_NAME = AccentColor;
				ASSETCATALOG_COMPILER_INCLUDE_ALL_APPICON_ASSETS = YES;
				CODE_SIGN_STYLE = Automatic;
				CURRENT_PROJECT_VERSION = 1;
				GENERATE_INFOPLIST_FILE = YES;
				INFOPLIST_FILE = fitplan/Info.plist;
				INFOPLIST_KEY_CFBundleDisplayName = FitPlan;
				INFOPLIST_KEY_UIApplicationSupportsIndirectInputEvents = YES;
				INFOPLIST_KEY_UILaunchStoryboardName = LaunchScreen.storyboard;
				INFOPLIST_KEY_UISupportedInterfaceOrientations = UIInterfaceOrientationPortrait;
				INFOPLIST_KEY_UISupportedInterfaceOrientations_iPad = "UIInterfaceOrientationLandscapeLeft UIInterfaceOrientationLandscapeRight UIInterfaceOrientationPortrait UIInterfaceOrientationPortraitUpsideDown";
				IPHONEOS_DEPLOYMENT_TARGET = 14.5;
				LD_RUNPATH_SEARCH_PATHS = (
					"$(inherited)",
					"@executable_path/Frameworks",
				);
				MARKETING_VERSION = 1.0;
				PRODUCT_BUNDLE_IDENTIFIER = com.nibm.fitplan;
				PRODUCT_NAME = "$(TARGET_NAME)";
				SUPPORTED_PLATFORMS = "iphoneos iphonesimulator";
				SUPPORTS_MACCATALYST = NO;
				SUPPORTS_MAC_DESIGNED_FOR_IPHONE_IPAD = NO;
				SWIFT_EMIT_LOC_STRINGS = YES;
				SWIFT_VERSION = 5.0;
				TARGETED_DEVICE_FAMILY = 1;
			};
			name = Release;
		};
		EEFB616C2A0FDC9C00C42223 /* Debug */ = {
			isa = XCBuildConfiguration;
			buildSettings = {
				ALWAYS_EMBED_SWIFT_STANDARD_LIBRARIES = YES;
				BUNDLE_LOADER = "$(TEST_HOST)";
				CODE_SIGN_STYLE = Automatic;
				CURRENT_PROJECT_VERSION = 1;
				GENERATE_INFOPLIST_FILE = YES;
				IPHONEOS_DEPLOYMENT_TARGET = 16.2;
				MARKETING_VERSION = 1.0;
				PRODUCT_BUNDLE_IDENTIFIER = com.nibm.fitplanTests;
				PRODUCT_NAME = "$(TARGET_NAME)";
				SWIFT_EMIT_LOC_STRINGS = NO;
				SWIFT_VERSION = 5.0;
				TARGETED_DEVICE_FAMILY = "1,2";
				TEST_HOST = "$(BUILT_PRODUCTS_DIR)/fitplan.app/$(BUNDLE_EXECUTABLE_FOLDER_PATH)/fitplan";
			};
			name = Debug;
		};
		EEFB616D2A0FDC9C00C42223 /* Release */ = {
			isa = XCBuildConfiguration;
			buildSettings = {
				ALWAYS_EMBED_SWIFT_STANDARD_LIBRARIES = YES;
				BUNDLE_LOADER = "$(TEST_HOST)";
				CODE_SIGN_STYLE = Automatic;
				CURRENT_PROJECT_VERSION = 1;
				GENERATE_INFOPLIST_FILE = YES;
				IPHONEOS_DEPLOYMENT_TARGET = 16.2;
				MARKETING_VERSION = 1.0;
				PRODUCT_BUNDLE_IDENTIFIER = com.nibm.fitplanTests;
				PRODUCT_NAME = "$(TARGET_NAME)";
				SWIFT_EMIT_LOC_STRINGS = NO;
				SWIFT_VERSION = 5.0;
				TARGETED_DEVICE_FAMILY = "1,2";
				TEST_HOST = "$(BUILT_PRODUCTS_DIR)/fitplan.app/$(BUNDLE_EXECUTABLE_FOLDER_PATH)/fitplan";
			};
			name = Release;
		};
		EEFB616F2A0FDC9C00C42223 /* Debug */ = {
			isa = XCBuildConfiguration;
			buildSettings = {
				ALWAYS_EMBED_SWIFT_STANDARD_LIBRARIES = YES;
				CODE_SIGN_STYLE = Automatic;
				CURRENT_PROJECT_VERSION = 1;
				GENERATE_INFOPLIST_FILE = YES;
				MARKETING_VERSION = 1.0;
				PRODUCT_BUNDLE_IDENTIFIER = com.nibm.fitplanUITests;
				PRODUCT_NAME = "$(TARGET_NAME)";
				SWIFT_EMIT_LOC_STRINGS = NO;
				SWIFT_VERSION = 5.0;
				TARGETED_DEVICE_FAMILY = "1,2";
				TEST_TARGET_NAME = fitplan;
			};
			name = Debug;
		};
		EEFB61702A0FDC9C00C42223 /* Release */ = {
			isa = XCBuildConfiguration;
			buildSettings = {
				ALWAYS_EMBED_SWIFT_STANDARD_LIBRARIES = YES;
				CODE_SIGN_STYLE = Automatic;
				CURRENT_PROJECT_VERSION = 1;
				GENERATE_INFOPLIST_FILE = YES;
				MARKETING_VERSION = 1.0;
				PRODUCT_BUNDLE_IDENTIFIER = com.nibm.fitplanUITests;
				PRODUCT_NAME = "$(TARGET_NAME)";
				SWIFT_EMIT_LOC_STRINGS = NO;
				SWIFT_VERSION = 5.0;
				TARGETED_DEVICE_FAMILY = "1,2";
				TEST_TARGET_NAME = fitplan;
			};
			name = Release;
		};
/* End XCBuildConfiguration section */

/* Begin XCConfigurationList section */
		EEFB61392A0FDC9A00C42223 /* Build configuration list for PBXProject "fitplan" */ = {
			isa = XCConfigurationList;
			buildConfigurations = (
				EEFB61662A0FDC9C00C42223 /* Debug */,
				EEFB61672A0FDC9C00C42223 /* Release */,
			);
			defaultConfigurationIsVisible = 0;
			defaultConfigurationName = Release;
		};
		EEFB61682A0FDC9C00C42223 /* Build configuration list for PBXNativeTarget "fitplan" */ = {
			isa = XCConfigurationList;
			buildConfigurations = (
				EEFB61692A0FDC9C00C42223 /* Debug */,
				EEFB616A2A0FDC9C00C42223 /* Release */,
			);
			defaultConfigurationIsVisible = 0;
			defaultConfigurationName = Release;
		};
		EEFB616B2A0FDC9C00C42223 /* Build configuration list for PBXNativeTarget "fitplanTests" */ = {
			isa = XCConfigurationList;
			buildConfigurations = (
				EEFB616C2A0FDC9C00C42223 /* Debug */,
				EEFB616D2A0FDC9C00C42223 /* Release */,
			);
			defaultConfigurationIsVisible = 0;
			defaultConfigurationName = Release;
		};
		EEFB616E2A0FDC9C00C42223 /* Build configuration list for PBXNativeTarget "fitplanUITests" */ = {
			isa = XCConfigurationList;
			buildConfigurations = (
				EEFB616F2A0FDC9C00C42223 /* Debug */,
				EEFB61702A0FDC9C00C42223 /* Release */,
			);
			defaultConfigurationIsVisible = 0;
			defaultConfigurationName = Release;
		};
/* End XCConfigurationList section */

/* Begin XCRemoteSwiftPackageReference section */
		EEA81DCE2A154D9F007C6F5B /* XCRemoteSwiftPackageReference "Kingfisher" */ = {
			isa = XCRemoteSwiftPackageReference;
			repositoryURL = "https://github.com/onevcat/Kingfisher.git";
			requirement = {
				kind = upToNextMajorVersion;
				minimumVersion = 7.0.0;
			};
		};
		EEB46DEB2A0FF4B200165FB9 /* XCRemoteSwiftPackageReference "firebase-ios-sdk" */ = {
			isa = XCRemoteSwiftPackageReference;
			repositoryURL = "https://github.com/firebase/firebase-ios-sdk.git";
			requirement = {
				kind = upToNextMajorVersion;
				minimumVersion = 9.0.0;
			};
		};
/* End XCRemoteSwiftPackageReference section */

/* Begin XCSwiftPackageProductDependency section */
		EEA81DCF2A154D9F007C6F5B /* Kingfisher */ = {
			isa = XCSwiftPackageProductDependency;
			package = EEA81DCE2A154D9F007C6F5B /* XCRemoteSwiftPackageReference "Kingfisher" */;
			productName = Kingfisher;
		};
		EEB46DEC2A0FF4B200165FB9 /* FirebaseAnalytics */ = {
			isa = XCSwiftPackageProductDependency;
			package = EEB46DEB2A0FF4B200165FB9 /* XCRemoteSwiftPackageReference "firebase-ios-sdk" */;
			productName = FirebaseAnalytics;
		};
		EEB46DEE2A0FF4B200165FB9 /* FirebaseAuth */ = {
			isa = XCSwiftPackageProductDependency;
			package = EEB46DEB2A0FF4B200165FB9 /* XCRemoteSwiftPackageReference "firebase-ios-sdk" */;
			productName = FirebaseAuth;
		};
		EEB46DF02A0FF4B200165FB9 /* FirebaseDatabase */ = {
			isa = XCSwiftPackageProductDependency;
			package = EEB46DEB2A0FF4B200165FB9 /* XCRemoteSwiftPackageReference "firebase-ios-sdk" */;
			productName = FirebaseDatabase;
		};
		EEB46DF22A0FF4B200165FB9 /* FirebaseFirestore */ = {
			isa = XCSwiftPackageProductDependency;
			package = EEB46DEB2A0FF4B200165FB9 /* XCRemoteSwiftPackageReference "firebase-ios-sdk" */;
			productName = FirebaseFirestore;
		};
		EEB46DF42A0FF4B200165FB9 /* FirebaseStorage */ = {
			isa = XCSwiftPackageProductDependency;
			package = EEB46DEB2A0FF4B200165FB9 /* XCRemoteSwiftPackageReference "firebase-ios-sdk" */;
			productName = FirebaseStorage;
		};
/* End XCSwiftPackageProductDependency section */
	};
	rootObject = EEFB61362A0FDC9A00C42223 /* Project object */;
}
